
Microsoft Visual Studio Solution File, Format Version 12.00
# Visual Studio Version 16
VisualStudioVersion = 16.0.30717.126
MinimumVisualStudioVersion = 10.0.40219.1
Project("{FAE04EC0-301F-11D3-BF4B-00C04F79EFBC}") = "daterReader", "daterReader\daterReader.csproj", "{AA117DE7-529E-4873-95FB-57522EE548DF}"
EndProject
Global
	GlobalSection(SolutionConfigurationPlatforms) = preSolution
		Debug|Any CPU = Debug|Any CPU
		Release|Any CPU = Release|Any CPU
	EndGlobalSection
	GlobalSection(ProjectConfigurationPlatforms) = postSolution
		{AA117DE7-529E-4873-95FB-57522EE548DF}.Debug|Any CPU.ActiveCfg = Debug|Any CPU
		{AA117DE7-529E-4873-95FB-57522EE548DF}.Debug|Any CPU.Build.0 = Debug|Any CPU
		{AA117DE7-529E-4873-95FB-57522EE548DF}.Release|Any CPU.ActiveCfg = Release|Any CPU
		{AA117DE7-529E-4873-95FB-57522EE548DF}.Release|Any CPU.Build.0 = Release|Any CPU
	EndGlobalSection
	GlobalSection(SolutionProperties) = preSolution
		HideSolutionNode = FALSE
	EndGlobalSection
	GlobalSection(ExtensibilityGlobals) = postSolution
		SolutionGuid = {891EC73B-29AF-4871-AB28-9A3B89A1C36A}
	EndGlobalSection
EndGlobal
